Microsoft Visual Studio Solution File, Format Version 12.00
# Visual Studio Version 17
VisualStudioVersion = 17.5.2.0
MinimumVisualStudioVersion = 10.0.40219.1
Project("{FAE04EC0-301F-11D3-BF4B-00C04F79EFBC}") = "CybersecurityChatbot.Part2GUI", "CybersecurityChatbot.Part2GUI\CybersecurityChatbot.Part2GUI.csproj", "{7A7E5962-6A71-4D7D-9C2F-1BAE81F21C90}"
EndProject
Project("{FAE04EC0-301F-11D3-BF4B-00C04F79EFBC}") = "CybersecurityChatbot", "CybersecurityChatbot\CybersecurityChatbot.csproj", "{C5A9F28E-B2F2-25CB-3786-1E75848FE501}"
EndProject
Global
	GlobalSection(SolutionConfigurationPlatforms) = preSolution
		Debug|Any CPU = Debug|Any CPU
		Release|Any CPU = Release|Any CPU
	EndGlobalSection
	GlobalSection(ProjectConfigurationPlatforms) = postSolution
		{7A7E5962-6A71-4D7D-9C2F-1BAE81F21C90}.Debug|Any CPU.ActiveCfg = Debug|Any CPU
		{7A7E5962-6A71-4D7D-9C2F-1BAE81F21C90}.Debug|Any CPU.Build.0 = Debug|Any CPU
		{7A7E5962-6A71-4D7D-9C2F-1BAE81F21C90}.Release|Any CPU.ActiveCfg = Release|Any CPU
		{7A7E5962-6A71-4D7D-9C2F-1BAE81F21C90}.Release|Any CPU.Build.0 = Release|Any CPU
		{C5A9F28E-B2F2-25CB-3786-1E75848FE501}.Debug|Any CPU.ActiveCfg = Debug|Any CPU
		{C5A9F28E-B2F2-25CB-3786-1E75848FE501}.Debug|Any CPU.Build.0 = Debug|Any CPU
		{C5A9F28E-B2F2-25CB-3786-1E75848FE501}.Release|Any CPU.ActiveCfg = Release|Any CPU
		{C5A9F28E-B2F2-25CB-3786-1E75848FE501}.Release|Any CPU.Build.0 = Release|Any CPU
	EndGlobalSection
	GlobalSection(SolutionProperties) = preSolution
		HideSolutionNode = FALSE
	EndGlobalSection
	GlobalSection(ExtensibilityGlobals) = postSolution
		SolutionGuid = {E2B7B289-12DF-433C-A945-A899E379A5D6}
	EndGlobalSection
EndGlobal
